
Microsoft Visual Studio Solution File, Format Version 12.00
# Visual Studio Version 17
VisualStudioVersion = 17.10.35004.147
MinimumVisualStudioVersion = 10.0.40219.1
Project("{FAE04EC0-301F-11D3-BF4B-00C04F79EFBC}") = "StoreManagementSystem", "Crud-With-UI\StoreManagementSystem.csproj", "{0D85AA97-EAF0-44B6-BCB5-BD6921D3224E}"
EndProject
Global
	GlobalSection(SolutionConfigurationPlatforms) = preSolution
		Debug|Any CPU = Debug|Any CPU
		Release|Any CPU = Release|Any CPU
	EndGlobalSection
	GlobalSection(ProjectConfigurationPlatforms) = postSolution
		{0D85AA97-EAF0-44B6-BCB5-BD6921D3224E}.Debug|Any CPU.ActiveCfg = Debug|Any CPU
		{0D85AA97-EAF0-44B6-BCB5-BD6921D3224E}.Debug|Any CPU.Build.0 = Debug|Any CPU
		{0D85AA97-EAF0-44B6-BCB5-BD6921D3224E}.Release|Any CPU.ActiveCfg = Release|Any CPU
		{0D85AA97-EAF0-44B6-BCB5-BD6921D3224E}.Release|Any CPU.Build.0 = Release|Any CPU
	EndGlobalSection
	GlobalSection(SolutionProperties) = preSolution
		HideSolutionNode = FALSE
	EndGlobalSection
	GlobalSection(ExtensibilityGlobals) = postSolution
		SolutionGuid = {039C71F9-B799-4676-AD15-25205F5418B8}
	EndGlobalSection
EndGlobal
